
Microsoft Visual Studio Solution File, Format Version 12.00
# Visual Studio 15
VisualStudioVersion = 15.0.28307.438
MinimumVisualStudioVersion = 10.0.40219.1
Project("{FAE04EC0-301F-11D3-BF4B-00C04F79EFBC}") = "LiveChat", "LiveChat\LiveChat.csproj", "{94580036-FE8E-4716-BED1-6ABE194770EB}"
EndProject
Global
	GlobalSection(SolutionConfigurationPlatforms) = preSolution
		Debug|Any CPU = Debug|Any CPU
		Release|Any CPU = Release|Any CPU
	EndGlobalSection
	GlobalSection(ProjectConfigurationPlatforms) = postSolution
		{94580036-FE8E-4716-BED1-6ABE194770EB}.Debug|Any CPU.ActiveCfg = Debug|Any CPU
		{94580036-FE8E-4716-BED1-6ABE194770EB}.Debug|Any CPU.Build.0 = Debug|Any CPU
		{94580036-FE8E-4716-BED1-6ABE194770EB}.Release|Any CPU.ActiveCfg = Release|Any CPU
		{94580036-FE8E-4716-BED1-6ABE194770EB}.Release|Any CPU.Build.0 = Release|Any CPU
	EndGlobalSection
	GlobalSection(SolutionProperties) = preSolution
		HideSolutionNode = FALSE
	EndGlobalSection
	GlobalSection(ExtensibilityGlobals) = postSolution
		SolutionGuid = {6F28D637-34A9-49AE-899A-CDD0C5CA3C3D}
	EndGlobalSection
EndGlobal
